
Microsoft Visual Studio Solution File, Format Version 12.00
# Visual Studio Version 17
VisualStudioVersion = 17.14.37411.7
MinimumVisualStudioVersion = 10.0.40219.1
Project("{FAE04EC0-301F-11D3-BF4B-00C04F79EFBC}") = "EncoderLIbrary", "EncoderLIbrary.csproj", "{FEFBE4F7-5595-40C2-A858-73CDF7791ED8}"
EndProject
Project("{2150E333-8FDC-42A3-9474-1A3956D46DE8}") = "Solution Items", "Solution Items", "{8EC462FD-D22E-90A8-E5CE-7E832BA40C5D}"
EndProject
Project("{FAE04EC0-301F-11D3-BF4B-00C04F79EFBC}") = "EncoderTests", "..\EncoderTests\EncoderTests.csproj", "{62BF7634-85A4-4837-8533-D66DC6CB9496}"
EndProject
Project("{FAE04EC0-301F-11D3-BF4B-00C04F79EFBC}") = "TelemetrySimulator", "..\TelemetryPackagerAPI\TelemetrySimulator.csproj", "{0C026750-0D34-45B5-8F29-7EF71A9D67A1}"
	ProjectSection(ProjectDependencies) = postProject
		{FEFBE4F7-5595-40C2-A858-73CDF7791ED8} = {FEFBE4F7-5595-40C2-A858-73CDF7791ED8}
	EndProjectSection
EndProject
Project("{FAE04EC0-301F-11D3-BF4B-00C04F79EFBC}") = "DecoderLibrary", "..\DecoderLibrary\DecoderLibrary.csproj", "{171C56B0-610F-490C-9164-64852BE82D4C}"
EndProject
Global
	GlobalSection(SolutionConfigurationPlatforms) = preSolution
		Debug|Any CPU = Debug|Any CPU
		Release|Any CPU = Release|Any CPU
	EndGlobalSection
	GlobalSection(ProjectConfigurationPlatforms) = postSolution
		{FEFBE4F7-5595-40C2-A858-73CDF7791ED8}.Debug|Any CPU.ActiveCfg = Debug|Any CPU
		{FEFBE4F7-5595-40C2-A858-73CDF7791ED8}.Debug|Any CPU.Build.0 = Debug|Any CPU
		{FEFBE4F7-5595-40C2-A858-73CDF7791ED8}.Release|Any CPU.ActiveCfg = Release|Any CPU
		{FEFBE4F7-5595-40C2-A858-73CDF7791ED8}.Release|Any CPU.Build.0 = Release|Any CPU
		{62BF7634-85A4-4837-8533-D66DC6CB9496}.Debug|Any CPU.ActiveCfg = Debug|Any CPU
		{62BF7634-85A4-4837-8533-D66DC6CB9496}.Debug|Any CPU.Build.0 = Debug|Any CPU
		{62BF7634-85A4-4837-8533-D66DC6CB9496}.Release|Any CPU.ActiveCfg = Release|Any CPU
		{62BF7634-85A4-4837-8533-D66DC6CB9496}.Release|Any CPU.Build.0 = Release|Any CPU
		{0C026750-0D34-45B5-8F29-7EF71A9D67A1}.Debug|Any CPU.ActiveCfg = Debug|Any CPU
		{0C026750-0D34-45B5-8F29-7EF71A9D67A1}.Debug|Any CPU.Build.0 = Debug|Any CPU
		{0C026750-0D34-45B5-8F29-7EF71A9D67A1}.Release|Any CPU.ActiveCfg = Release|Any CPU
		{0C026750-0D34-45B5-8F29-7EF71A9D67A1}.Release|Any CPU.Build.0 = Release|Any CPU
		{171C56B0-610F-490C-9164-64852BE82D4C}.Debug|Any CPU.ActiveCfg = Debug|Any CPU
		{171C56B0-610F-490C-9164-64852BE82D4C}.Debug|Any CPU.Build.0 = Debug|Any CPU
		{171C56B0-610F-490C-9164-64852BE82D4C}.Release|Any CPU.ActiveCfg = Release|Any CPU
		{171C56B0-610F-490C-9164-64852BE82D4C}.Release|Any CPU.Build.0 = Release|Any CPU
	EndGlobalSection
	GlobalSection(SolutionProperties) = preSolution
		HideSolutionNode = FALSE
	EndGlobalSection
	GlobalSection(ExtensibilityGlobals) = postSolution
		SolutionGuid = {172D1A9D-AE5D-4FEE-9F07-C15CC7F7E7CC}
	EndGlobalSection
EndGlobal
